
Microsoft Visual Studio Solution File, Format Version 12.00
# Visual Studio Version 17
VisualStudioVersion = 17.6.33829.357
MinimumVisualStudioVersion = 10.0.40219.1
Project("{FAE04EC0-301F-11D3-BF4B-00C04F79EFBC}") = "Polar Coord System", "Polar Coord System.csproj", "{1F3280DE-625F-4E51-87D0-94BD97BCE8AD}"
EndProject
Global
	GlobalSection(SolutionConfigurationPlatforms) = preSolution
		Debug|Any CPU = Debug|Any CPU
		Release|Any CPU = Release|Any CPU
	EndGlobalSection
	GlobalSection(ProjectConfigurationPlatforms) = postSolution
		{1F3280DE-625F-4E51-87D0-94BD97BCE8AD}.Debug|Any CPU.ActiveCfg = Debug|Any CPU
		{1F3280DE-625F-4E51-87D0-94BD97BCE8AD}.Debug|Any CPU.Build.0 = Debug|Any CPU
		{1F3280DE-625F-4E51-87D0-94BD97BCE8AD}.Release|Any CPU.ActiveCfg = Release|Any CPU
		{1F3280DE-625F-4E51-87D0-94BD97BCE8AD}.Release|Any CPU.Build.0 = Release|Any CPU
	EndGlobalSection
	GlobalSection(SolutionProperties) = preSolution
		HideSolutionNode = FALSE
	EndGlobalSection
	GlobalSection(ExtensibilityGlobals) = postSolution
		SolutionGuid = {4F0C0452-E403-4C4B-8EAD-BEA791BE76F8}
	EndGlobalSection
EndGlobal
